
Microsoft Visual Studio Solution File, Format Version 12.00
# Visual Studio Version 16
VisualStudioVersion = 16.0.29519.87
MinimumVisualStudioVersion = 10.0.40219.1
Project("{9A19103F-16F7-4668-BE54-9A1E7A4F7556}") = "Ceremedullum.Api", "Ceremedullum.Api.csproj", "{D38D3574-9753-43BF-B198-AEEED5BAD65B}"
EndProject
Global
	GlobalSection(SolutionConfigurationPlatforms) = preSolution
		Debug|Any CPU = Debug|Any CPU
		Release|Any CPU = Release|Any CPU
	EndGlobalSection
	GlobalSection(ProjectConfigurationPlatforms) = postSolution
		{D38D3574-9753-43BF-B198-AEEED5BAD65B}.Debug|Any CPU.ActiveCfg = Debug|Any CPU
		{D38D3574-9753-43BF-B198-AEEED5BAD65B}.Debug|Any CPU.Build.0 = Debug|Any CPU
		{D38D3574-9753-43BF-B198-AEEED5BAD65B}.Release|Any CPU.ActiveCfg = Release|Any CPU
		{D38D3574-9753-43BF-B198-AEEED5BAD65B}.Release|Any CPU.Build.0 = Release|Any CPU
	EndGlobalSection
	GlobalSection(SolutionProperties) = preSolution
		HideSolutionNode = FALSE
	EndGlobalSection
	GlobalSection(ExtensibilityGlobals) = postSolution
		SolutionGuid = {C10B430D-83EA-4F94-8AEB-B6766A07C330}
	EndGlobalSection
EndGlobal
